
Microsoft Visual Studio Solution File, Format Version 12.00
# Visual Studio Version 17
VisualStudioVersion = 17.14.36414.22 d17.14
MinimumVisualStudioVersion = 10.0.40219.1
Project("{FAE04EC0-301F-11D3-BF4B-00C04F79EFBC}") = "DemoBlazorServer2", "DemoBlazorServer2\DemoBlazorServer2.csproj", "{31BF3DF5-11B7-46E9-B482-5705F9B0E20A}"
EndProject
Global
	GlobalSection(SolutionConfigurationPlatforms) = preSolution
		Debug|Any CPU = Debug|Any CPU
		Release|Any CPU = Release|Any CPU
	EndGlobalSection
	GlobalSection(ProjectConfigurationPlatforms) = postSolution
		{31BF3DF5-11B7-46E9-B482-5705F9B0E20A}.Debug|Any CPU.ActiveCfg = Debug|Any CPU
		{31BF3DF5-11B7-46E9-B482-5705F9B0E20A}.Debug|Any CPU.Build.0 = Debug|Any CPU
		{31BF3DF5-11B7-46E9-B482-5705F9B0E20A}.Release|Any CPU.ActiveCfg = Release|Any CPU
		{31BF3DF5-11B7-46E9-B482-5705F9B0E20A}.Release|Any CPU.Build.0 = Release|Any CPU
	EndGlobalSection
	GlobalSection(SolutionProperties) = preSolution
		HideSolutionNode = FALSE
	EndGlobalSection
	GlobalSection(ExtensibilityGlobals) = postSolution
		SolutionGuid = {C0D4592F-2588-427D-8E05-A2B7C14E8EDE}
	EndGlobalSection
EndGlobal
