
Microsoft Visual Studio Solution File, Format Version 12.00
# Visual Studio Version 17
VisualStudioVersion = 17.14.36414.22 d17.14
MinimumVisualStudioVersion = 10.0.40219.1
Project("{FAE04EC0-301F-11D3-BF4B-00C04F79EFBC}") = "DemoApiMinimal", "DemoApiMinimal\DemoApiMinimal.csproj", "{FBF569F7-6DE3-40EB-B062-769BCB68C93E}"
EndProject
Global
	GlobalSection(SolutionConfigurationPlatforms) = preSolution
		Debug|Any CPU = Debug|Any CPU
		Release|Any CPU = Release|Any CPU
	EndGlobalSection
	GlobalSection(ProjectConfigurationPlatforms) = postSolution
		{FBF569F7-6DE3-40EB-B062-769BCB68C93E}.Debug|Any CPU.ActiveCfg = Debug|Any CPU
		{FBF569F7-6DE3-40EB-B062-769BCB68C93E}.Debug|Any CPU.Build.0 = Debug|Any CPU
		{FBF569F7-6DE3-40EB-B062-769BCB68C93E}.Release|Any CPU.ActiveCfg = Release|Any CPU
		{FBF569F7-6DE3-40EB-B062-769BCB68C93E}.Release|Any CPU.Build.0 = Release|Any CPU
	EndGlobalSection
	GlobalSection(SolutionProperties) = preSolution
		HideSolutionNode = FALSE
	EndGlobalSection
	GlobalSection(ExtensibilityGlobals) = postSolution
		SolutionGuid = {046FEAD3-24BC-45F8-A994-0025619DA230}
	EndGlobalSection
EndGlobal
